<?xml version="1.0" encoding="utf-8"?>
<Project ToolsVersion="4.0" xmlns="http://schemas.microsoft.com/developer/msbuild/2003">
  <ItemGroup>
    <Filter Include="Source Files">
      <UniqueIdentifier>{4FC737F1-C7A5-4376-A066-2A32D752A2FF}</UniqueIdentifier>
      <Extensions>cpp;c;cc;cxx;def;odl;idl;hpj;bat;asm;asmx</Extensions>
    </Filter>
    <Filter Include="Header Files">
      <UniqueIdentifier>{93995380-89BD-4b04-88EB-625FBE52EBFB}</UniqueIdentifier>
      <Extensions>h;hpp;hxx;hm;inl;inc;xsd</Extensions>
    </Filter>
    <Filter Include="Resource Files">
      <UniqueIdentifier>{67DA6AB6-F800-4c08-8B7A-83BB121AAD01}</UniqueIdentifier>
      <Extensions>rc;ico;cur;bmp;dlg;rc2;rct;bin;rgs;gif;jpg;jpeg;jpe;resx;tiff;tif;png;wav;mfcribbon-ms</Extensions>
    </Filter>
    <Filter Include="Driver Files">
      <UniqueIdentifier>{8E41214B-6785-4CFE-B992-037D68949A14}</UniqueIdentifier>
      <Extensions>inf;inv;inx;mof;mc;</Extensions>
    </Filter>
  </ItemGroup>
  <ItemGroup>
    <Inf Include="devpal.inf">
      <Filter>Driver Files</Filter>
    </Inf>
  </ItemGroup>
  <ItemGroup>
    <ClCompile Include="..\driver.c">
      <Filter>Source Files</Filter>
    </ClCompile>
    <ClCompile Include="..\generic\ioctl_read_mem16.c">
      <Filter>Source Files</Filter>
    </ClCompile>
    <ClCompile Include="..\generic\ioctl_read_mem32.c">
      <Filter>Source Files</Filter>
    </ClCompile>
    <ClCompile Include="..\generic\ioctl_read_mem64.c">
      <Filter>Source Files</Filter>
    </ClCompile>
    <ClCompile Include="..\generic\ioctl_read_mem8.c">
      <Filter>Source Files</Filter>
    </ClCompile>
    <ClCompile Include="..\generic\ioctl_write_mem16.c">
      <Filter>Source Files</Filter>
    </ClCompile>
    <ClCompile Include="..\generic\ioctl_write_mem32.c">
      <Filter>Source Files</Filter>
    </ClCompile>
    <ClCompile Include="..\generic\ioctl_write_mem64.c">
      <Filter>Source Files</Filter>
    </ClCompile>
    <ClCompile Include="..\generic\ioctl_write_mem8.c">
      <Filter>Source Files</Filter>
    </ClCompile>
    <ClCompile Include="..\x64\ioctl_cpuid.c">
      <Filter>Source Files</Filter>
    </ClCompile>
    <ClCompile Include="..\x64\intel\ioctl.c">
      <Filter>Source Files</Filter>
    </ClCompile>
    <ClCompile Include="..\x64\intel\ioctl_vmcall.c">
      <Filter>Source Files</Filter>
    </ClCompile>
    <ClCompile Include="..\x64\intel\ioctl_vmcall_kvm.c">
      <Filter>Source Files</Filter>
    </ClCompile>
    <ClCompile Include="..\x64\intel\ioctl_vmcall_xen.c">
      <Filter>Source Files</Filter>
    </ClCompile>
    <ClCompile Include="..\x64\ioctl_in_16.c">
      <Filter>Source Files</Filter>
    </ClCompile>
    <ClCompile Include="..\x64\ioctl_in_32.c">
      <Filter>Source Files</Filter>
    </ClCompile>
    <ClCompile Include="..\x64\ioctl_in_8.c">
      <Filter>Source Files</Filter>
    </ClCompile>
    <ClCompile Include="..\x64\ioctl_out_16.c">
      <Filter>Source Files</Filter>
    </ClCompile>
    <ClCompile Include="..\x64\ioctl_out_32.c">
      <Filter>Source Files</Filter>
    </ClCompile>
    <ClCompile Include="..\x64\ioctl_out_8.c">
      <Filter>Source Files</Filter>
    </ClCompile>
    <ClCompile Include="..\x64\ioctl_rdmsr.c">
      <Filter>Source Files</Filter>
    </ClCompile>
    <ClCompile Include="..\x64\ioctl_wrmsr.c">
      <Filter>Source Files</Filter>
    </ClCompile>
  </ItemGroup>
  <ItemGroup>
    <MASM Include="..\..\..\libpal\intel_64bit_ms64_masm\cpuid.asm">
      <Filter>Source Files</Filter>
    </MASM>
    <MASM Include="..\..\..\libpal\intel_64bit_ms64_masm\in_8.asm">
      <Filter>Source Files</Filter>
    </MASM>
    <MASM Include="..\..\..\libpal\intel_64bit_ms64_masm\in_16.asm">
      <Filter>Source Files</Filter>
    </MASM>
    <MASM Include="..\..\..\libpal\intel_64bit_ms64_masm\in_32.asm">
      <Filter>Source Files</Filter>
    </MASM>
    <MASM Include="..\..\..\libpal\intel_64bit_ms64_masm\out_8.asm">
      <Filter>Source Files</Filter>
    </MASM>
    <MASM Include="..\..\..\libpal\intel_64bit_ms64_masm\out_16.asm">
      <Filter>Source Files</Filter>
    </MASM>
    <MASM Include="..\..\..\libpal\intel_64bit_ms64_masm\out_32.asm">
      <Filter>Source Files</Filter>
    </MASM>
    <MASM Include="..\..\..\libpal\intel_64bit_ms64_masm\rdmsr.asm">
      <Filter>Source Files</Filter>
    </MASM>
    <MASM Include="..\..\..\libpal\intel_64bit_ms64_masm\read_cr0.asm">
      <Filter>Source Files</Filter>
    </MASM>
    <MASM Include="..\..\..\libpal\intel_64bit_ms64_masm\read_cr2.asm">
      <Filter>Source Files</Filter>
    </MASM>
    <MASM Include="..\..\..\libpal\intel_64bit_ms64_masm\read_cr3.asm">
      <Filter>Source Files</Filter>
    </MASM>
    <MASM Include="..\..\..\libpal\intel_64bit_ms64_masm\read_cr4.asm">
      <Filter>Source Files</Filter>
    </MASM>
    <MASM Include="..\..\..\libpal\intel_64bit_ms64_masm\read_cr8.asm">
      <Filter>Source Files</Filter>
    </MASM>
    <MASM Include="..\..\..\libpal\intel_64bit_ms64_masm\vmcall.asm">
      <Filter>Source Files</Filter>
    </MASM>
    <MASM Include="..\..\..\libpal\intel_64bit_ms64_masm\vmcall_kvm.asm">
      <Filter>Source Files</Filter>
    </MASM>
    <MASM Include="..\..\..\libpal\intel_64bit_ms64_masm\vmcall_xen.asm">
      <Filter>Source Files</Filter>
    </MASM>
    <MASM Include="..\..\..\libpal\intel_64bit_ms64_masm\vmread.asm">
      <Filter>Source Files</Filter>
    </MASM>
    <MASM Include="..\..\..\libpal\intel_64bit_ms64_masm\vmwrite.asm">
      <Filter>Source Files</Filter>
    </MASM>
    <MASM Include="..\..\..\libpal\intel_64bit_ms64_masm\write_cr0.asm">
      <Filter>Source Files</Filter>
    </MASM>
    <MASM Include="..\..\..\libpal\intel_64bit_ms64_masm\write_cr2.asm">
      <Filter>Source Files</Filter>
    </MASM>
    <MASM Include="..\..\..\libpal\intel_64bit_ms64_masm\write_cr3.asm">
      <Filter>Source Files</Filter>
    </MASM>
    <MASM Include="..\..\..\libpal\intel_64bit_ms64_masm\write_cr4.asm">
      <Filter>Source Files</Filter>
    </MASM>
    <MASM Include="..\..\..\libpal\intel_64bit_ms64_masm\write_cr8.asm">
      <Filter>Source Files</Filter>
    </MASM>
    <MASM Include="..\..\..\libpal\intel_64bit_ms64_masm\wrmsr.asm">
      <Filter>Source Files</Filter>
    </MASM>
    <MASM Include="..\..\..\libpal\intel_64bit_ms64_masm\xgetbv.asm">
      <Filter>Source Files</Filter>
    </MASM>
    <MASM Include="..\..\..\libpal\intel_64bit_ms64_masm\xsetbv.asm">
      <Filter>Source Files</Filter>
    </MASM>
  </ItemGroup>
</Project>